
Microsoft Visual Studio Solution File, Format Version 12.00
# Visual Studio Version 16
VisualStudioVersion = 16.0.29102.190
MinimumVisualStudioVersion = 10.0.40219.1
Project("{FAE04EC0-301F-11D3-BF4B-00C04F79EFBC}") = "LoggerForLogging", "LoggerForLogging\LoggerForLogging.csproj", "{71913E96-13C6-46C3-9B78-4AFA0D6CD435}"
EndProject
Global
	GlobalSection(SolutionConfigurationPlatforms) = preSolution
		Debug|Any CPU = Debug|Any CPU
		Release|Any CPU = Release|Any CPU
	EndGlobalSection
	GlobalSection(ProjectConfigurationPlatforms) = postSolution
		{71913E96-13C6-46C3-9B78-4AFA0D6CD435}.Debug|Any CPU.ActiveCfg = Debug|Any CPU
		{71913E96-13C6-46C3-9B78-4AFA0D6CD435}.Debug|Any CPU.Build.0 = Debug|Any CPU
		{71913E96-13C6-46C3-9B78-4AFA0D6CD435}.Release|Any CPU.ActiveCfg = Release|Any CPU
		{71913E96-13C6-46C3-9B78-4AFA0D6CD435}.Release|Any CPU.Build.0 = Release|Any CPU
	EndGlobalSection
	GlobalSection(SolutionProperties) = preSolution
		HideSolutionNode = FALSE
	EndGlobalSection
	GlobalSection(ExtensibilityGlobals) = postSolution
		SolutionGuid = {03DB18FE-0863-45E1-B927-D15D6BC5E2E7}
	EndGlobalSection
EndGlobal
