
Microsoft Visual Studio Solution File, Format Version 12.00
# Visual Studio Version 16
VisualStudioVersion = 16.0.29009.5
MinimumVisualStudioVersion = 10.0.40219.1
Project("{FAE04EC0-301F-11D3-BF4B-00C04F79EFBC}") = "InlineConstraints", "InlineConstraints\InlineConstraints.csproj", "{CD40DB6A-5E01-4131-9453-96C814F9C607}"
EndProject
Global
	GlobalSection(SolutionConfigurationPlatforms) = preSolution
		Debug|Any CPU = Debug|Any CPU
		Release|Any CPU = Release|Any CPU
	EndGlobalSection
	GlobalSection(ProjectConfigurationPlatforms) = postSolution
		{CD40DB6A-5E01-4131-9453-96C814F9C607}.Debug|Any CPU.ActiveCfg = Debug|Any CPU
		{CD40DB6A-5E01-4131-9453-96C814F9C607}.Debug|Any CPU.Build.0 = Debug|Any CPU
		{CD40DB6A-5E01-4131-9453-96C814F9C607}.Release|Any CPU.ActiveCfg = Release|Any CPU
		{CD40DB6A-5E01-4131-9453-96C814F9C607}.Release|Any CPU.Build.0 = Release|Any CPU
	EndGlobalSection
	GlobalSection(SolutionProperties) = preSolution
		HideSolutionNode = FALSE
	EndGlobalSection
	GlobalSection(ExtensibilityGlobals) = postSolution
		SolutionGuid = {65CA6CC3-1F1E-4907-9DC9-635A63B2626A}
	EndGlobalSection
EndGlobal
