
Microsoft Visual Studio Solution File, Format Version 12.00
# Visual Studio Version 16
VisualStudioVersion = 16.0.29009.5
MinimumVisualStudioVersion = 10.0.40219.1
Project("{FAE04EC0-301F-11D3-BF4B-00C04F79EFBC}") = "StartApp", "StartApp\StartApp.csproj", "{F926E760-A3C2-4623-A54C-BB0C1EFB9019}"
EndProject
Global
	GlobalSection(SolutionConfigurationPlatforms) = preSolution
		Debug|Any CPU = Debug|Any CPU
		Release|Any CPU = Release|Any CPU
	EndGlobalSection
	GlobalSection(ProjectConfigurationPlatforms) = postSolution
		{F926E760-A3C2-4623-A54C-BB0C1EFB9019}.Debug|Any CPU.ActiveCfg = Debug|Any CPU
		{F926E760-A3C2-4623-A54C-BB0C1EFB9019}.Debug|Any CPU.Build.0 = Debug|Any CPU
		{F926E760-A3C2-4623-A54C-BB0C1EFB9019}.Release|Any CPU.ActiveCfg = Release|Any CPU
		{F926E760-A3C2-4623-A54C-BB0C1EFB9019}.Release|Any CPU.Build.0 = Release|Any CPU
	EndGlobalSection
	GlobalSection(SolutionProperties) = preSolution
		HideSolutionNode = FALSE
	EndGlobalSection
	GlobalSection(ExtensibilityGlobals) = postSolution
		SolutionGuid = {DF0A0780-E16D-4F18-A1DE-F0E5B26CF092}
	EndGlobalSection
EndGlobal
