
Microsoft Visual Studio Solution File, Format Version 12.00
# Visual Studio Version 16
VisualStudioVersion = 16.0.29009.5
MinimumVisualStudioVersion = 10.0.40219.1
Project("{FAE04EC0-301F-11D3-BF4B-00C04F79EFBC}") = "ErrorsDebugging", "ErrorsDebugging\ErrorsDebugging.csproj", "{1615CA3D-6C72-408E-865E-A2882273EBC3}"
EndProject
Global
	GlobalSection(SolutionConfigurationPlatforms) = preSolution
		Debug|Any CPU = Debug|Any CPU
		Release|Any CPU = Release|Any CPU
	EndGlobalSection
	GlobalSection(ProjectConfigurationPlatforms) = postSolution
		{1615CA3D-6C72-408E-865E-A2882273EBC3}.Debug|Any CPU.ActiveCfg = Debug|Any CPU
		{1615CA3D-6C72-408E-865E-A2882273EBC3}.Debug|Any CPU.Build.0 = Debug|Any CPU
		{1615CA3D-6C72-408E-865E-A2882273EBC3}.Release|Any CPU.ActiveCfg = Release|Any CPU
		{1615CA3D-6C72-408E-865E-A2882273EBC3}.Release|Any CPU.Build.0 = Release|Any CPU
	EndGlobalSection
	GlobalSection(SolutionProperties) = preSolution
		HideSolutionNode = FALSE
	EndGlobalSection
	GlobalSection(ExtensibilityGlobals) = postSolution
		SolutionGuid = {FD88944B-93C8-4872-B81E-6E489F01BFF2}
	EndGlobalSection
EndGlobal
