
Microsoft Visual Studio Solution File, Format Version 12.00
# Visual Studio Version 16
VisualStudioVersion = 16.0.29009.5
MinimumVisualStudioVersion = 10.0.40219.1
Project("{FAE04EC0-301F-11D3-BF4B-00C04F79EFBC}") = "Blog", "Blog\Blog.csproj", "{63AF52B3-9F56-425D-AF90-9ACB31AC813F}"
EndProject
Global
	GlobalSection(SolutionConfigurationPlatforms) = preSolution
		Debug|Any CPU = Debug|Any CPU
		Release|Any CPU = Release|Any CPU
	EndGlobalSection
	GlobalSection(ProjectConfigurationPlatforms) = postSolution
		{63AF52B3-9F56-425D-AF90-9ACB31AC813F}.Debug|Any CPU.ActiveCfg = Debug|Any CPU
		{63AF52B3-9F56-425D-AF90-9ACB31AC813F}.Debug|Any CPU.Build.0 = Debug|Any CPU
		{63AF52B3-9F56-425D-AF90-9ACB31AC813F}.Release|Any CPU.ActiveCfg = Release|Any CPU
		{63AF52B3-9F56-425D-AF90-9ACB31AC813F}.Release|Any CPU.Build.0 = Release|Any CPU
	EndGlobalSection
	GlobalSection(SolutionProperties) = preSolution
		HideSolutionNode = FALSE
	EndGlobalSection
	GlobalSection(ExtensibilityGlobals) = postSolution
		SolutionGuid = {0FFB1F49-B086-4430-AA2F-14BB3D62C8E8}
	EndGlobalSection
EndGlobal
